{
    "_meta": {
        "hash": {
            "sha256": "d48065679057b7a83485880b10029613e5d306326214be925cd8de25090b4c59"
        },
        "host-environment-markers": {
            "implementation_name": "cpython",
            "implementation_version": "3.6.3",
            "os_name": "nt",
            "platform_machine": "AMD64",
            "platform_python_implementation": "CPython",
            "platform_release": "10",
            "platform_system": "Windows",
            "platform_version": "10.0.16299",
            "python_full_version": "3.6.3",
            "python_version": "3.6",
            "sys_platform": "win32"
        },
        "pipfile-spec": 6,
        "requires": {
            "python_version": "3.6"
        },
        "sources": [
            {
                "name": "pypi",
                "url": "https://pypi.python.org/simple",
                "verify_ssl": true
            }
        ]
    },
    "default": {
        "astroid": {
            "hashes": [
                "sha256:39a21dd2b5d81a6731dc0ac2884fa419532dffd465cdd43ea6c168d36b76efb3",
                "sha256:492c2a2044adbf6a84a671b7522e9295ad2f6a7c781b899014308db25312dd35"
            ],
            "version": "==1.5.3"
        },
        "colorama": {
            "hashes": [
                "sha256:463f8483208e921368c9f306094eb6f725c6ca42b0f97e313cb5d5512459feda",
                "sha256:48eb22f4f8461b1df5734a074b57042430fb06e1d61bd1e11b078c0fe6d7a1f1"
            ],
            "markers": "sys_platform == 'win32'",
            "version": "==0.3.9"
        },
        "flake8": {
            "hashes": [
                "sha256:c7841163e2b576d435799169b78703ad6ac1bbb0f199994fc05f700b2a90ea37",
                "sha256:7253265f7abd8b313e3892944044a365e3f4ac3fcdcfb4298f55ee9ddf188ba0"
            ],
            "version": "==3.5.0"
        },
        "graphene": {
            "hashes": [
                "sha256:698543001858c908c5e3526ddf38ae1d13049c6c1313ec3bb0afad02c81bd242",
                "sha256:0763563fdccb6817311f15d0f0a4d4fe820a46cbe5de022076f95cd99413fd0f"
            ],
            "version": "==2.0.1"
        },
        "graphql-core": {
            "hashes": [
                "sha256:539355351343dede3ecb771e0d273a1b72405cb6d64f45bb8f92ecc4d7109af0",
                "sha256:4830699be53f9154273fa15726fc8b0c90bc22bbb8fc7c932586503b3cb9330e"
            ],
            "version": "==2.0"
        },
        "graphql-relay": {
            "hashes": [
                "sha256:2716b7245d97091af21abf096fabafac576905096d21ba7118fba722596f65db"
            ],
            "version": "==0.4.5"
        },
        "isort": {
            "hashes": [
                "sha256:cd5d3fc2c16006b567a17193edf4ed9830d9454cbeb5a42ac80b36ea00c23db4",
                "sha256:79f46172d3a4e2e53e7016e663cc7a8b538bec525c36675fcfd2767df30b3983"
            ],
            "version": "==4.2.15"
        },
        "lazy-object-proxy": {
            "hashes": [
                "sha256:209615b0fe4624d79e50220ce3310ca1a9445fd8e6d3572a896e7f9146bbf019",
                "sha256:1b668120716eb7ee21d8a38815e5eb3bb8211117d9a90b0f8e21722c0758cc39",
                "sha256:cb924aa3e4a3fb644d0c463cad5bc2572649a6a3f68a7f8e4fbe44aaa6d77e4c",
                "sha256:2c1b21b44ac9beb0fc848d3993924147ba45c4ebc24be19825e57aabbe74a99e",
                "sha256:320ffd3de9699d3892048baee45ebfbbf9388a7d65d832d7e580243ade426d2b",
                "sha256:2df72ab12046a3496a92476020a1a0abf78b2a7db9ff4dc2036b8dd980203ae6",
                "sha256:27ea6fd1c02dcc78172a82fc37fcc0992a94e4cecf53cb6d73f11749825bd98b",
                "sha256:e5b9e8f6bda48460b7b143c3821b21b452cb3a835e6bbd5dd33aa0c8d3f5137d",
                "sha256:7661d401d60d8bf15bb5da39e4dd72f5d764c5aff5a86ef52a042506e3e970ff",
                "sha256:61a6cf00dcb1a7f0c773ed4acc509cb636af2d6337a08f362413c76b2b47a8dd",
                "sha256:bd6292f565ca46dee4e737ebcc20742e3b5be2b01556dafe169f6c65d088875f",
                "sha256:933947e8b4fbe617a51528b09851685138b49d511af0b6c0da2539115d6d4514",
                "sha256:d0fc7a286feac9077ec52a927fc9fe8fe2fabab95426722be4c953c9a8bede92",
                "sha256:7f3a2d740291f7f2c111d86a1c4851b70fb000a6c8883a59660d95ad57b9df35",
                "sha256:5276db7ff62bb7b52f77f1f51ed58850e315154249aceb42e7f4c611f0f847ff",
                "sha256:94223d7f060301b3a8c09c9b3bc3294b56b2188e7d8179c762a1cda72c979252",
                "sha256:6ae6c4cb59f199d8827c5a07546b2ab7e85d262acaccaacd49b62f53f7c456f7",
                "sha256:f460d1ceb0e4a5dcb2a652db0904224f367c9b3c1470d5a7683c0480e582468b",
                "sha256:e81ebf6c5ee9684be8f2c87563880f93eedd56dd2b6146d8a725b50b7e5adb0f",
                "sha256:81304b7d8e9c824d058087dcb89144842c8e0dea6d281c031f59f0acf66963d4",
                "sha256:ddc34786490a6e4ec0a855d401034cbd1242ef186c20d79d2166d6a4bd449577",
                "sha256:7bd527f36a605c914efca5d3d014170b2cb184723e423d26b1fb2fd9108e264d",
                "sha256:ab3ca49afcb47058393b0122428358d2fbe0408cf99f1b58b295cfeb4ed39109",
                "sha256:7cb54db3535c8686ea12e9535eb087d32421184eacc6939ef15ef50f83a5e7e2",
                "sha256:0ce34342b419bd8f018e6666bfef729aec3edf62345a53b537a4dcc115746a33",
                "sha256:e34b155e36fa9da7e1b7c738ed7767fc9491a62ec6af70fe9da4a057759edc2d",
                "sha256:50e3b9a464d5d08cc5227413db0d1c4707b6172e4d4d915c1c70e4de0bbff1f5",
                "sha256:27bf62cb2b1a2068d443ff7097ee33393f8483b570b475db8ebf7e1cba64f088",
                "sha256:eb91be369f945f10d3a49f5f9be8b3d0b93a4c2be8f8a5b83b0571b8123e0a7a"
            ],
            "version": "==1.3.1"
        },
        "mccabe": {
            "hashes": [
                "sha256:ab8a6258860da4b6677da4bd2fe5dc2c659cff31b3ee4f7f5d64e79735b80d42",
                "sha256:dd8d182285a0fe56bace7f45b5e7d1a6ebcbf524e8f3bd87eb0f125271b8831f"
            ],
            "version": "==0.6.1"
        },
        "mongoengine": {
            "hashes": [
                "sha256:996e0aba34e0be3834cba19a2ac77aaeebbd7b595b6b896266a2aa41cad3566e",
                "sha256:f8fed3871dfcefd421d3a3be1b43b3b9a1622db6a4271d78f15f494e51003f75"
            ],
            "version": "==0.15.0"
        },
        "promise": {
            "hashes": [
                "sha256:0bca4ed933e3d50e3d18fb54fc1432fa84b0564838cd093e824abcd718ab9304",
                "sha256:95506bac89df7a495e0b8c813fd782dd1ae590decb52f95248e316c6659ca49b"
            ],
            "version": "==2.1"
        },
        "pycodestyle": {
            "hashes": [
                "sha256:6c4245ade1edfad79c3446fadfc96b0de2759662dc29d07d80a6f27ad1ca6ba9",
                "sha256:682256a5b318149ca0d2a9185d365d8864a768a28db66a84a2ea946bcc426766"
            ],
            "version": "==2.3.1"
        },
        "pyflakes": {
            "hashes": [
                "sha256:08bd6a50edf8cffa9fa09a463063c425ecaaf10d1eb0335a7e8b1401aef89e6f",
                "sha256:8d616a382f243dbf19b54743f280b80198be0bca3a5396f1d2e1fca6223e8805"
            ],
            "version": "==1.6.0"
        },
        "pylint": {
            "hashes": [
                "sha256:948679535a28afc54afb9210dabc6973305409042ece8e5768ca1409910c1ed8",
                "sha256:1f65b3815c3bf7524b845711d54c4242e4057dd93826586620239ecdfe591fb1"
            ],
            "version": "==1.7.4"
        },
        "pymongo": {
            "hashes": [
                "sha256:3eda499d1a6e584c448b8abb66c4cb7af02ba50f70a99a3063c4d9c460130e38",
                "sha256:8946a46e3b9c4a7f0feb6909093594ab10771bda0fc4601901666b27043fc100",
                "sha256:a02035ab7ebef71f7fc4aaa0c2344bcc7d74c6de64a000464184f8cb9496966f",
                "sha256:8de6afe3aa34be4800a0bc49ce8f0d05c5e936b4ec297322e64bb6db8e5fd754",
                "sha256:d0e516d07979c43a65927cd98c8bda84c7620f09658e9f424ebfff8f28994f77",
                "sha256:521676f3f2739a6b92d8d7bd7141653594e609b5827a382b0b9d76da69eefb2e",
                "sha256:28be0827bd176c844fc0c06d99dae95bf0f720b6ff3616099f3ab6d0e1742602",
                "sha256:ffaf9e135f9321423ac50035c4e3854b4f668e5a46c81d2e3341ae0504279ba3",
                "sha256:a11b456b549583d76a1ccca20a4a0ee710489e67753b3f3082cd929556693f31",
                "sha256:39961f650fca9b3c6a8294a47707c328283d42e298712030b1992083900f00c3",
                "sha256:dd647f898031efefc093c14960b531ce13c10cd704dc0b43604cb93b168719e5",
                "sha256:41c892df7f67ec9aa76f4e1b4e093ac18d9a9ebafa6c60fc4e57db68eadb0d87",
                "sha256:a516bddf391ccded8a9fe75672200bfedb20449e09661f3f785e8e695a6b15e4",
                "sha256:0f0e2cd634a5f97fe84b8a860c52e86cee488764031505cdc7c855f01fed7bd4",
                "sha256:ef5dc292d27cb65a04776eaf0c9b5e6a87d6fd03f272a7043816fb8b946f4d8d",
                "sha256:fd22e54beb634e3568638862f305ccd3a78a89fa14a2b62397255b3510eb6bca",
                "sha256:c612ed53c88071da75a4998add30971d9e90e80c83339c86e3be5ebd6913e32b",
                "sha256:8077f89268d702dfae5a633a389f7775122e4146e05e9d6c8b0ee12c91e4d84c",
                "sha256:2652d255b3a0b16a49c743879e882d6c3de40166282fa791075ad5db0285cbb4",
                "sha256:0ce91b475d50b70388f512a2780bf91b0de643175d3f60bae3786ee4f133e751",
                "sha256:d3aabb3dfc564d4b797c3805f3f3b4ce24de6c7150041f9caad536f4c672110b",
                "sha256:57197ac3f47eeef633eec0ea46ddc3895904d0daf2bd271d85a5d691de539171",
                "sha256:166746d50df39c3d293ff26f18c64d728b4ac59b3d1940fb6475ad22820ba439",
                "sha256:abbcbdabe9fd64b107f3aef5c68a20f22906c5f941e75b8414a026e8860af489",
                "sha256:1863a7ee4080388a7e247c7f8040c2a1e1288cecc3792cdcbe25a4b55a3f4a75",
                "sha256:906a13ad6081c5cb5c6862879bc22aa738a4ae12561c6b4ae64d2ff1b4fc47f5",
                "sha256:a7c3a6f32eb910fbdc0dde9aca9fb5407726cd21504d0a67334109f6aaade94e",
                "sha256:4b68b6defa12b96e1087871e677ee8b9d67bbf57b1b70ee54ed19d2ee9dca538",
                "sha256:bc2e6b5bc53269cad1f06ac32a86777a3b8761459f155c6bb14b25844720c0b1",
                "sha256:728a624a35383b147f2fca6051fb9604c7209ad0d9b65e35bf429e563d999e8a",
                "sha256:6c2b1b2ec87873c1d1e38b32378ad428409264d674cceaf1552d557d7f961e57",
                "sha256:38fddffcd47b51415eef97290643dda4e72c7bf32af798df128d9ad94196f029",
                "sha256:d2701658ea78ad484cd077fecb68de130de9a4ed784cc0a62d8d1d549d2b3fff",
                "sha256:cf8846fb59caffa587ba14da78f8fb23dba85017e009c1d752469b0005c444bf",
                "sha256:187d3ad2377a14553e5a185e1ad6e97cc60f7b939b4bb027c815ec77c482077c",
                "sha256:f61846b324456c388b11b5b2231aa15f93b521a4661ff1bc74c351d6b1f92f1b",
                "sha256:7707ed70ea993dbde549979065afb5d5d00ba6c3cf7da20f17e8614b68ffe88a",
                "sha256:0406a8b7b913849cce46a5627af4d799f2569692b848768243400984838e0ee4",
                "sha256:7c9bf2cb808e692ccc02f84069744496f65b656218fabdc289014900834bd906",
                "sha256:de34e59bd786bf54c0a1e6bcb383f42bd7c0fd516ffdd9bed8f00fbcdb4138c0",
                "sha256:a5eb01a8cf44d15c92a58cdb06fa0137084d33279b1d0db8db8144a16b4efe64",
                "sha256:0e8c06be657833c71113a9f9de014ea8507c942cfbfc035e0858e496e11d4521",
                "sha256:336cfaff2b25210355864b547417c37aca2fd71450440a16156bfaadcbc0537b",
                "sha256:fe84e35792193b8b7436cfeb0dc6df9bd77d1ce47321be8e40fb3e0277a5941a",
                "sha256:2402fd747dede03c0651a27c69b14cc1122afbe13ab4be96ddd77f617e8ae547",
                "sha256:b0810290e450d680fafe277adee94e7fc9d306df3b6cde7379482ff31e4ebcdf",
                "sha256:190f7b10e51bb4302bc97ab9f032447016c173af181fc6019e39c1e5d965a3cf",
                "sha256:a792ad4448aa316d66f0dd47a736e18497e7d535aa33e57c6c38c1d518ff8f8d",
                "sha256:0da7d92b45ef757357cc53539ff7c99328b50abf6bc930e4ab19f8b2fe1418da",
                "sha256:1f1da2f5235911666f51c889dcd73cc604981df79b1c189adeed5aa90bfb637f",
                "sha256:b5c733bacc61255484523c93e748527be9b92ea2714cd61e3aa84ad13f822154",
                "sha256:a2db35462e056062f9906d36701e64c49c57007f438ba778cdeca68b08ca6937",
                "sha256:e820d93414f3bec1fa456c84afbd4af1b43ff41366321619db74e6bc065d6924"
            ],
            "version": "==3.5.1"
        },
        "rx": {
            "hashes": [
                "sha256:ad793d79843feba2ea25c0c01be245f3163d5d469418279d4019737b93d88c78",
                "sha256:84ac6e140f2129266fd4c77a3d0903bbff0a761386079ea0cb99c8524695cac1"
            ],
            "version": "==1.6.0"
        },
        "singledispatch": {
            "hashes": [
                "sha256:833b46966687b3de7f438c761ac475213e53b306740f1abfaa86e1d1aae56aa8",
                "sha256:5b06af87df13818d14f08a028e42f566640aef80805c3b50c5056b086e3c2b9c"
            ],
            "version": "==3.4.0.3"
        },
        "six": {
            "hashes": [
                "sha256:832dc0e10feb1aa2c68dcc57dbb658f1c7e65b9b61af69048abc87a2db00a0eb",
                "sha256:70e8a77beed4562e7f14fe23a786b54f6296e34344c23bc42f07b15018ff98e9"
            ],
            "version": "==1.11.0"
        },
        "typing": {
            "hashes": [
                "sha256:349b1f9c109c84b53ac79ac1d822eaa68fc91d63b321bd9392df15098f746f53",
                "sha256:63a8255fe7c6269916baa440eb9b6a67139b0b97a01af632e7bd2842e1e02f15",
                "sha256:d514bd84b284dd3e844f0305ac07511f097e325171f6cc4a20878d11ad771849"
            ],
            "version": "==3.6.2"
        },
        "wrapt": {
            "hashes": [
                "sha256:d4d560d479f2c21e1b5443bbd15fe7ec4b37fe7e53d335d3b9b0a7b1226fe3c6"
            ],
            "version": "==1.10.11"
        }
    },
    "develop": {}
}
